
Microsoft Visual Studio Solution File, Format Version 12.00
# Visual Studio Version 17
VisualStudioVersion = 17.4.33213.308
MinimumVisualStudioVersion = 10.0.40219.1
Project("{9A19103F-16F7-4668-BE54-9A1E7A4F7556}") = "NotesAPI", "NotesAPI\NotesAPI.csproj", "{806B9364-E34C-4786-9762-F52F74709B00}"
EndProject
Project("{FAE04EC0-301F-11D3-BF4B-00C04F79EFBC}") = "NotesAPI.Business", "NotesAPI.Business\NotesAPI.Business.csproj", "{C09089E5-562C-44C1-B592-B2528ED0FD17}"
EndProject
Project("{FAE04EC0-301F-11D3-BF4B-00C04F79EFBC}") = "NotesAPI.Data", "NotesAPI.Data\NotesAPI.Data.csproj", "{5C1378E7-87FF-44D4-AC6B-33334EA915B5}"
EndProject
Global
	GlobalSection(SolutionConfigurationPlatforms) = preSolution
		Debug|Any CPU = Debug|Any CPU
		Release|Any CPU = Release|Any CPU
	EndGlobalSection
	GlobalSection(ProjectConfigurationPlatforms) = postSolution
		{806B9364-E34C-4786-9762-F52F74709B00}.Debug|Any CPU.ActiveCfg = Debug|Any CPU
		{806B9364-E34C-4786-9762-F52F74709B00}.Debug|Any CPU.Build.0 = Debug|Any CPU
		{806B9364-E34C-4786-9762-F52F74709B00}.Release|Any CPU.ActiveCfg = Release|Any CPU
		{806B9364-E34C-4786-9762-F52F74709B00}.Release|Any CPU.Build.0 = Release|Any CPU
		{C09089E5-562C-44C1-B592-B2528ED0FD17}.Debug|Any CPU.ActiveCfg = Debug|Any CPU
		{C09089E5-562C-44C1-B592-B2528ED0FD17}.Debug|Any CPU.Build.0 = Debug|Any CPU
		{C09089E5-562C-44C1-B592-B2528ED0FD17}.Release|Any CPU.ActiveCfg = Release|Any CPU
		{C09089E5-562C-44C1-B592-B2528ED0FD17}.Release|Any CPU.Build.0 = Release|Any CPU
		{5C1378E7-87FF-44D4-AC6B-33334EA915B5}.Debug|Any CPU.ActiveCfg = Debug|Any CPU
		{5C1378E7-87FF-44D4-AC6B-33334EA915B5}.Debug|Any CPU.Build.0 = Debug|Any CPU
		{5C1378E7-87FF-44D4-AC6B-33334EA915B5}.Release|Any CPU.ActiveCfg = Release|Any CPU
		{5C1378E7-87FF-44D4-AC6B-33334EA915B5}.Release|Any CPU.Build.0 = Release|Any CPU
	EndGlobalSection
	GlobalSection(SolutionProperties) = preSolution
		HideSolutionNode = FALSE
	EndGlobalSection
	GlobalSection(ExtensibilityGlobals) = postSolution
		SolutionGuid = {68CC8856-0DE1-44CC-8E49-DD1D7883B26C}
	EndGlobalSection
EndGlobal
